
Microsoft Visual Studio Solution File, Format Version 12.00
# Visual Studio Version 17
VisualStudioVersion = 17.8.34330.188
MinimumVisualStudioVersion = 10.0.40219.1
Project("{FAE04EC0-301F-11D3-BF4B-00C04F79EFBC}") = "vietcong-vcguard-api-win", "vietcong-vcguard-api-win\vietcong-vcguard-api-win.csproj", "{20DDAAFE-E35F-4580-A869-AAD30EC87FD5}"
EndProject
Global
	GlobalSection(SolutionConfigurationPlatforms) = preSolution
		Debug|Any CPU = Debug|Any CPU
		Release|Any CPU = Release|Any CPU
	EndGlobalSection
	GlobalSection(ProjectConfigurationPlatforms) = postSolution
		{20DDAAFE-E35F-4580-A869-AAD30EC87FD5}.Debug|Any CPU.ActiveCfg = Debug|Any CPU
		{20DDAAFE-E35F-4580-A869-AAD30EC87FD5}.Debug|Any CPU.Build.0 = Debug|Any CPU
		{20DDAAFE-E35F-4580-A869-AAD30EC87FD5}.Release|Any CPU.ActiveCfg = Release|Any CPU
		{20DDAAFE-E35F-4580-A869-AAD30EC87FD5}.Release|Any CPU.Build.0 = Release|Any CPU
	EndGlobalSection
	GlobalSection(SolutionProperties) = preSolution
		HideSolutionNode = FALSE
	EndGlobalSection
	GlobalSection(ExtensibilityGlobals) = postSolution
		SolutionGuid = {1F79851F-B25E-4D54-A23D-71E6BE8FE665}
	EndGlobalSection
EndGlobal
